
Microsoft Visual Studio Solution File, Format Version 11.00
# Visual Studio 2010
Project("{FAE04EC0-301F-11D3-BF4B-00C04F79EFBC}") = "SplitPipeline", "SplitPipeline.csproj", "{365F0960-3953-4EE3-ABC5-C78E12517A81}"
EndProject
Global
	GlobalSection(SolutionConfigurationPlatforms) = preSolution
		Debug|Any CPU = Debug|Any CPU
		Release|Any CPU = Release|Any CPU
	EndGlobalSection
	GlobalSection(ProjectConfigurationPlatforms) = postSolution
		{365F0960-3953-4EE3-ABC5-C78E12517A81}.Debug|Any CPU.ActiveCfg = Debug|Any CPU
		{365F0960-3953-4EE3-ABC5-C78E12517A81}.Debug|Any CPU.Build.0 = Debug|Any CPU
		{365F0960-3953-4EE3-ABC5-C78E12517A81}.Release|Any CPU.ActiveCfg = Release|Any CPU
		{365F0960-3953-4EE3-ABC5-C78E12517A81}.Release|Any CPU.Build.0 = Release|Any CPU
	EndGlobalSection
	GlobalSection(SolutionProperties) = preSolution
		HideSolutionNode = FALSE
	EndGlobalSection
EndGlobal
